// !$*UTF8*$!
{
	archiveVersion = 1;
	classes = {
	};
	objectVersion = 56;
	objects = {

/* Begin PBXBuildFile section */
		B7E3E1082BE401510081528A /* MyAssumptionAppApp.swift in Sources */ = {isa = PBXBuildFile; fileRef = B7E3E1072BE401510081528A /* MyAssumptionAppApp.swift */; };
		B7E3E10A2BE401510081528A /* ContentView.swift in Sources */ = {isa = PBXBuildFile; fileRef = B7E3E1092BE401510081528A /* ContentView.swift */; };
		B7E3E10C2BE401530081528A /* Assets.xcassets in Resources */ = {isa = PBXBuildFile; fileRef = B7E3E10B2BE401530081528A /* Assets.xcassets */; };
		B7E3E1102BE401530081528A /* Preview Assets.xcassets in Resources */ = {isa = PBXBuildFile; fileRef = B7E3E10F2BE401530081528A /* Preview Assets.xcassets */; };
		B7E3E11A2BE401530081528A /* MyAssumptionAppTests.swift in Sources */ = {isa = PBXBuildFile; fileRef = B7E3E1192BE401530081528A /* MyAssumptionAppTests.swift */; };
		B7E3E1242BE401530081528A /* MyAssumptionAppUITests.swift in Sources */ = {isa = PBXBuildFile; fileRef = B7E3E1232BE401530081528A /* MyAssumptionAppUITests.swift */; };
		B7E3E1262BE401530081528A /* MyAssumptionAppUITestsLaunchTests.swift in Sources */ = {isa = PBXBuildFile; fileRef = B7E3E1252BE401530081528A /* MyAssumptionAppUITestsLaunchTests.swift */; };
/* End PBXBuildFile section */

/* Begin PBXContainerItemProxy section */
		B7E3E1162BE401530081528A /* PBXContainerItemProxy */ = {
			isa = PBXContainerItemProxy;
			containerPortal = B7E3E0FC2BE401510081528A /* Project object */;
			proxyType = 1;
			remoteGlobalIDString = B7E3E1032BE401510081528A;
			remoteInfo = MyAssumptionApp;
		};
		B7E3E1202BE401530081528A /* PBXContainerItemProxy */ = {
			isa = PBXContainerItemProxy;
			containerPortal = B7E3E0FC2BE401510081528A /* Project object */;
			proxyType = 1;
			remoteGlobalIDString = B7E3E1032BE401510081528A;
			remoteInfo = MyAssumptionApp;
		};
/* End PBXContainerItemProxy section */

/* Begin PBXFileReference section */
		B7E3E1042BE401510081528A /* MyAssumptionApp.app */ = {isa = PBXFileReference; explicitFileType = wrapper.application; includeInIndex = 0; path = MyAssumptionApp.app; sourceTree = BUILT_PRODUCTS_DIR; };
		B7E3E1072BE401510081528A /* MyAssumptionAppApp.swift */ = {isa = PBXFileReference; lastKnownFileType = sourcecode.swift; path = MyAssumptionAppApp.swift; sourceTree = "<group>"; };
		B7E3E1092BE401510081528A /* ContentView.swift */ = {isa = PBXFileReference; lastKnownFileType = sourcecode.swift; path = ContentView.swift; sourceTree = "<group>"; };
		B7E3E10B2BE401530081528A /* Assets.xcassets */ = {isa = PBXFileReference; lastKnownFileType = folder.assetcatalog; path = Assets.xcassets; sourceTree = "<group>"; };
		B7E3E10D2BE401530081528A /* MyAssumptionApp.entitlements */ = {isa = PBXFileReference; lastKnownFileType = text.plist.entitlements; path = MyAssumptionApp.entitlements; sourceTree = "<group>"; };
		B7E3E10F2BE401530081528A /* Preview Assets.xcassets */ = {isa = PBXFileReference; lastKnownFileType = folder.assetcatalog; path = "Preview Assets.xcassets"; sourceTree = "<group>"; };
		B7E3E1152BE401530081528A /* MyAssumptionAppTests.xctest */ = {isa = PBXFileReference; explicitFileType = wrapper.cfbundle; includeInIndex = 0; path = MyAssumptionAppTests.xctest; sourceTree = BUILT_PRODUCTS_DIR; };
		B7E3E1192BE401530081528A /* MyAssumptionAppTests.swift */ = {isa = PBXFileReference; lastKnownFileType = sourcecode.swift; path = MyAssumptionAppTests.swift; sourceTree = "<group>"; };
		B7E3E11F2BE401530081528A /* MyAssumptionAppUITests.xctest */ = {isa = PBXFileReference; explicitFileType = wrapper.cfbundle; includeInIndex = 0; path = MyAssumptionAppUITests.xctest; sourceTree = BUILT_PRODUCTS_DIR; };
		B7E3E1232BE401530081528A /* MyAssumptionAppUITests.swift */ = {isa = PBXFileReference; lastKnownFileType = sourcecode.swift; path = MyAssumptionAppUITests.swift; sourceTree = "<group>"; };
		B7E3E1252BE401530081528A /* MyAssumptionAppUITestsLaunchTests.swift */ = {isa = PBXFileReference; lastKnownFileType = sourcecode.swift; path = MyAssumptionAppUITestsLaunchTests.swift; sourceTree = "<group>"; };
/* End PBXFileReference section */

/* Begin PBXFrameworksBuildPhase section */
		B7E3E1012BE401510081528A /* Frameworks */ = {
			isa = PBXFrameworksBuildPhase;
			buildActionMask = 2147483647;
			files = (
			);
			runOnlyForDeploymentPostprocessing = 0;
		};
		B7E3E1122BE401530081528A /* Frameworks */ = {
			isa = PBXFrameworksBuildPhase;
			buildActionMask = 2147483647;
			files = (
			);
			runOnlyForDeploymentPostprocessing = 0;
		};
		B7E3E11C2BE401530081528A /* Frameworks */ = {
			isa = PBXFrameworksBuildPhase;
			buildActionMask = 2147483647;
			files = (
			);
			runOnlyForDeploymentPostprocessing = 0;
		};
/* End PBXFrameworksBuildPhase section */

/* Begin PBXGroup section */
		B7E3E0FB2BE401510081528A = {
			isa = PBXGroup;
			children = (
				B7E3E1062BE401510081528A /* MyAssumptionApp */,
				B7E3E1182BE401530081528A /* MyAssumptionAppTests */,
				B7E3E1222BE401530081528A /* MyAssumptionAppUITests */,
				B7E3E1052BE401510081528A /* Products */,
			);
			sourceTree = "<group>";
		};
		B7E3E1052BE401510081528A /* Products */ = {
			isa = PBXGroup;
			children = (
				B7E3E1042BE401510081528A /* MyAssumptionApp.app */,
				B7E3E1152BE401530081528A /* MyAssumptionAppTests.xctest */,
				B7E3E11F2BE401530081528A /* MyAssumptionAppUITests.xctest */,
			);
			name = Products;
			sourceTree = "<group>";
		};
		B7E3E1062BE401510081528A /* MyAssumptionApp */ = {
			isa = PBXGroup;
			children = (
				B7E3E1072BE401510081528A /* MyAssumptionAppApp.swift */,
				B7E3E1092BE401510081528A /* ContentView.swift */,
				B7E3E10B2BE401530081528A /* Assets.xcassets */,
				B7E3E10D2BE401530081528A /* MyAssumptionApp.entitlements */,
				B7E3E10E2BE401530081528A /* Preview Content */,
			);
			path = MyAssumptionApp;
			sourceTree = "<group>";
		};
		B7E3E10E2BE401530081528A /* Preview Content */ = {
			isa = PBXGroup;
			children = (
				B7E3E10F2BE401530081528A /* Preview Assets.xcassets */,
			);
			path = "Preview Content";
			sourceTree = "<group>";
		};
		B7E3E1182BE401530081528A /* MyAssumptionAppTests */ = {
			isa = PBXGroup;
			children = (
				B7E3E1192BE401530081528A /* MyAssumptionAppTests.swift */,
			);
			path = MyAssumptionAppTests;
			sourceTree = "<group>";
		};
		B7E3E1222BE401530081528A /* MyAssumptionAppUITests */ = {
			isa = PBXGroup;
			children = (
				B7E3E1232BE401530081528A /* MyAssumptionAppUITests.swift */,
				B7E3E1252BE401530081528A /* MyAssumptionAppUITestsLaunchTests.swift */,
			);
			path = MyAssumptionAppUITests;
			sourceTree = "<group>";
		};
/* End PBXGroup section */

/* Begin PBXNativeTarget section */
		B7E3E1032BE401510081528A /* MyAssumptionApp */ = {
			isa = PBXNativeTarget;
			buildConfigurationList = B7E3E1292BE401530081528A /* Build configuration list for PBXNativeTarget "MyAssumptionApp" */;
			buildPhases = (
				B7E3E1002BE401510081528A /* Sources */,
				B7E3E1012BE401510081528A /* Frameworks */,
				B7E3E1022BE401510081528A /* Resources */,
			);
			buildRules = (
			);
			dependencies = (
			);
			name = MyAssumptionApp;
			productName = MyAssumptionApp;
			productReference = B7E3E1042BE401510081528A /* MyAssumptionApp.app */;
			productType = "com.apple.product-type.application";
		};
		B7E3E1142BE401530081528A /* MyAssumptionAppTests */ = {
			isa = PBXNativeTarget;
			buildConfigurationList = B7E3E12C2BE401530081528A /* Build configuration list for PBXNativeTarget "MyAssumptionAppTests" */;
			buildPhases = (
				B7E3E1112BE401530081528A /* Sources */,
				B7E3E1122BE401530081528A /* Frameworks */,
				B7E3E1132BE401530081528A /* Resources */,
			);
			buildRules = (
			);
			dependencies = (
				B7E3E1172BE401530081528A /* PBXTargetDependency */,
			);
			name = MyAssumptionAppTests;
			productName = MyAssumptionAppTests;
			productReference = B7E3E1152BE401530081528A /* MyAssumptionAppTests.xctest */;
			productType = "com.apple.product-type.bundle.unit-test";
		};
		B7E3E11E2BE401530081528A /* MyAssumptionAppUITests */ = {
			isa = PBXNativeTarget;
			buildConfigurationList = B7E3E12F2BE401530081528A /* Build configuration list for PBXNativeTarget "MyAssumptionAppUITests" */;
			buildPhases = (
				B7E3E11B2BE401530081528A /* Sources */,
				B7E3E11C2BE401530081528A /* Frameworks */,
				B7E3E11D2BE401530081528A /* Resources */,
			);
			buildRules = (
			);
			dependencies = (
				B7E3E1212BE401530081528A /* PBXTargetDependency */,
			);
			name = MyAssumptionAppUITests;
			productName = MyAssumptionAppUITests;
			productReference = B7E3E11F2BE401530081528A /* MyAssumptionAppUITests.xctest */;
			productType = "com.apple.product-type.bundle.ui-testing";
		};
/* End PBXNativeTarget section */

/* Begin PBXProject section */
		B7E3E0FC2BE401510081528A /* Project object */ = {
			isa = PBXProject;
			attributes = {
				BuildIndependentTargetsInParallel = 1;
				LastSwiftUpdateCheck = 1530;
				LastUpgradeCheck = 1530;
				TargetAttributes = {
					B7E3E1032BE401510081528A = {
						CreatedOnToolsVersion = 15.3;
					};
					B7E3E1142BE401530081528A = {
						CreatedOnToolsVersion = 15.3;
						TestTargetID = B7E3E1032BE401510081528A;
					};
					B7E3E11E2BE401530081528A = {
						CreatedOnToolsVersion = 15.3;
						TestTargetID = B7E3E1032BE401510081528A;
					};
				};
			};
			buildConfigurationList = B7E3E0FF2BE401510081528A /* Build configuration list for PBXProject "MyAssumptionApp" */;
			compatibilityVersion = "Xcode 14.0";
			developmentRegion = en;
			hasScannedForEncodings = 0;
			knownRegions = (
				en,
				Base,
			);
			mainGroup = B7E3E0FB2BE401510081528A;
			productRefGroup = B7E3E1052BE401510081528A /* Products */;
			projectDirPath = "";
			projectRoot = "";
			targets = (
				B7E3E1032BE401510081528A /* MyAssumptionApp */,
				B7E3E1142BE401530081528A /* MyAssumptionAppTests */,
				B7E3E11E2BE401530081528A /* MyAssumptionAppUITests */,
			);
		};
/* End PBXProject section */

/* Begin PBXResourcesBuildPhase section */
		B7E3E1022BE401510081528A /* Resources */ = {
			isa = PBXResourcesBuildPhase;
			buildActionMask = 2147483647;
			files = (
				B7E3E1102BE401530081528A /* Preview Assets.xcassets in Resources */,
				B7E3E10C2BE401530081528A /* Assets.xcassets in Resources */,
			);
			runOnlyForDeploymentPostprocessing = 0;
		};
		B7E3E1132BE401530081528A /* Resources */ = {
			isa = PBXResourcesBuildPhase;
			buildActionMask = 2147483647;
			files = (
			);
			runOnlyForDeploymentPostprocessing = 0;
		};
		B7E3E11D2BE401530081528A /* Resources */ = {
			isa = PBXResourcesBuildPhase;
			buildActionMask = 2147483647;
			files = (
			);
			runOnlyForDeploymentPostprocessing = 0;
		};
/* End PBXResourcesBuildPhase section */

/* Begin PBXSourcesBuildPhase section */
		B7E3E1002BE401510081528A /* Sources */ = {
			isa = PBXSourcesBuildPhase;
			buildActionMask = 2147483647;
			files = (
				B7E3E10A2BE401510081528A /* ContentView.swift in Sources */,
				B7E3E1082BE401510081528A /* MyAssumptionAppApp.swift in Sources */,
			);
			runOnlyForDeploymentPostprocessing = 0;
		};
		B7E3E1112BE401530081528A /* Sources */ = {
			isa = PBXSourcesBuildPhase;
			buildActionMask = 2147483647;
			files = (
				B7E3E11A2BE401530081528A /* MyAssumptionAppTests.swift in Sources */,
			);
			runOnlyForDeploymentPostprocessing = 0;
		};
		B7E3E11B2BE401530081528A /* Sources */ = {
			isa = PBXSourcesBuildPhase;
			buildActionMask = 2147483647;
			files = (
				B7E3E1242BE401530081528A /* MyAssumptionAppUITests.swift in Sources */,
				B7E3E1262BE401530081528A /* MyAssumptionAppUITestsLaunchTests.swift in Sources */,
			);
			runOnlyForDeploymentPostprocessing = 0;
		};
/* End PBXSourcesBuildPhase section */

/* Begin PBXTargetDependency section */
		B7E3E1172BE401530081528A /* PBXTargetDependency */ = {
			isa = PBXTargetDependency;
			target = B7E3E1032BE401510081528A /* MyAssumptionApp */;
			targetProxy = B7E3E1162BE401530081528A /* PBXContainerItemProxy */;
		};
		B7E3E1212BE401530081528A /* PBXTargetDependency */ = {
			isa = PBXTargetDependency;
			target = B7E3E1032BE401510081528A /* MyAssumptionApp */;
			targetProxy = B7E3E1202BE401530081528A /* PBXContainerItemProxy */;
		};
/* End PBXTargetDependency section */

/* Begin XCBuildConfiguration section */
		B7E3E1272BE401530081528A /* Debug */ = {
			isa = XCBuildConfiguration;
			buildSettings = {
				ALWAYS_SEARCH_USER_PATHS = NO;
				ASSETCATALOG_COMPILER_GENERATE_SWIFT_ASSET_SYMBOL_EXTENSIONS = YES;
				CLANG_ANALYZER_NONNULL = YES;
				CLANG_ANALYZER_NUMBER_OBJECT_CONVERSION = YES_AGGRESSIVE;
				CLANG_CXX_LANGUAGE_STANDARD = "gnu++20";
				CLANG_ENABLE_MODULES = YES;
				CLANG_ENABLE_OBJC_ARC = YES;
				CLANG_ENABLE_OBJC_WEAK = YES;
				CLANG_WARN_BLOCK_CAPTURE_AUTORELEASING = YES;
				CLANG_WARN_BOOL_CONVERSION = YES;
				CLANG_WARN_COMMA = YES;
				CLANG_WARN_CONSTANT_CONVERSION = YES;
				CLANG_WARN_DEPRECATED_OBJC_IMPLEMENTATIONS = YES;
				CLANG_WARN_DIRECT_OBJC_ISA_USAGE = YES_ERROR;
				CLANG_WARN_DOCUMENTATION_COMMENTS = YES;
				CLANG_WARN_EMPTY_BODY = YES;
				CLANG_WARN_ENUM_CONVERSION = YES;
				CLANG_WARN_INFINITE_RECURSION = YES;
				CLANG_WARN_INT_CONVERSION = YES;
				CLANG_WARN_NON_LITERAL_NULL_CONVERSION = YES;
				CLANG_WARN_OBJC_IMPLICIT_RETAIN_SELF = YES;
				CLANG_WARN_OBJC_LITERAL_CONVERSION = YES;
				CLANG_WARN_OBJC_ROOT_CLASS = YES_ERROR;
				CLANG_WARN_QUOTED_INCLUDE_IN_FRAMEWORK_HEADER = YES;
				CLANG_WARN_RANGE_LOOP_ANALYSIS = YES;
				CLANG_WARN_STRICT_PROTOTYPES = YES;
				CLANG_WARN_SUSPICIOUS_MOVE = YES;
				CLANG_WARN_UNGUARDED_AVAILABILITY = YES_AGGRESSIVE;
				CLANG_WARN_UNREACHABLE_CODE = YES;
				CLANG_WARN__DUPLICATE_METHOD_MATCH = YES;
				COPY_PHASE_STRIP = NO;
				DEBUG_INFORMATION_FORMAT = dwarf;
				ENABLE_STRICT_OBJC_MSGSEND = YES;
				ENABLE_TESTABILITY = YES;
				ENABLE_USER_SCRIPT_SANDBOXING = YES;
				GCC_C_LANGUAGE_STANDARD = gnu17;
				GCC_DYNAMIC_NO_PIC = NO;
				GCC_NO_COMMON_BLOCKS = YES;
				GCC_OPTIMIZATION_LEVEL = 0;
				GCC_PREPROCESSOR_DEFINITIONS = (
					"DEBUG=1",
					"$(inherited)",
				);
				GCC_WARN_64_TO_32_BIT_CONVERSION = YES;
				GCC_WARN_ABOUT_RETURN_TYPE = YES_ERROR;
				GCC_WARN_UNDECLARED_SELECTOR = YES;
				GCC_WARN_UNINITIALIZED_AUTOS = YES_AGGRESSIVE;
				GCC_WARN_UNUSED_FUNCTION = YES;
				GCC_WARN_UNUSED_VARIABLE = YES;
				LOCALIZATION_PREFERS_STRING_CATALOGS = YES;
				MTL_ENABLE_DEBUG_INFO = INCLUDE_SOURCE;
				MTL_FAST_MATH = YES;
				ONLY_ACTIVE_ARCH = YES;
				SWIFT_ACTIVE_COMPILATION_CONDITIONS = "DEBUG $(inherited)";
				SWIFT_OPTIMIZATION_LEVEL = "-Onone";
			};
			name = Debug;
		};
		B7E3E1282BE401530081528A /* Release */ = {
			isa = XCBuildConfiguration;
			buildSettings = {
				ALWAYS_SEARCH_USER_PATHS = NO;
				ASSETCATALOG_COMPILER_GENERATE_SWIFT_ASSET_SYMBOL_EXTENSIONS = YES;
				CLANG_ANALYZER_NONNULL = YES;
				CLANG_ANALYZER_NUMBER_OBJECT_CONVERSION = YES_AGGRESSIVE;
				CLANG_CXX_LANGUAGE_STANDARD = "gnu++20";
				CLANG_ENABLE_MODULES = YES;
				CLANG_ENABLE_OBJC_ARC = YES;
				CLANG_ENABLE_OBJC_WEAK = YES;
				CLANG_WARN_BLOCK_CAPTURE_AUTORELEASING = YES;
				CLANG_WARN_BOOL_CONVERSION = YES;
				CLANG_WARN_COMMA = YES;
				CLANG_WARN_CONSTANT_CONVERSION = YES;
				CLANG_WARN_DEPRECATED_OBJC_IMPLEMENTATIONS = YES;
				CLANG_WARN_DIRECT_OBJC_ISA_USAGE = YES_ERROR;
				CLANG_WARN_DOCUMENTATION_COMMENTS = YES;
				CLANG_WARN_EMPTY_BODY = YES;
				CLANG_WARN_ENUM_CONVERSION = YES;
				CLANG_WARN_INFINITE_RECURSION = YES;
				CLANG_WARN_INT_CONVERSION = YES;
				CLANG_WARN_NON_LITERAL_NULL_CONVERSION = YES;
				CLANG_WARN_OBJC_IMPLICIT_RETAIN_SELF = YES;
				CLANG_WARN_OBJC_LITERAL_CONVERSION = YES;
				CLANG_WARN_OBJC_ROOT_CLASS = YES_ERROR;
				CLANG_WARN_QUOTED_INCLUDE_IN_FRAMEWORK_HEADER = YES;
				CLANG_WARN_RANGE_LOOP_ANALYSIS = YES;
				CLANG_WARN_STRICT_PROTOTYPES = YES;
				CLANG_WARN_SUSPICIOUS_MOVE = YES;
				CLANG_WARN_UNGUARDED_AVAILABILITY = YES_AGGRESSIVE;
				CLANG_WARN_UNREACHABLE_CODE = YES;
				CLANG_WARN__DUPLICATE_METHOD_MATCH = YES;
				COPY_PHASE_STRIP = NO;
				DEBUG_INFORMATION_FORMAT = "dwarf-with-dsym";
				ENABLE_NS_ASSERTIONS = NO;
				ENABLE_STRICT_OBJC_MSGSEND = YES;
				ENABLE_USER_SCRIPT_SANDBOXING = YES;
				GCC_C_LANGUAGE_STANDARD = gnu17;
				GCC_NO_COMMON_BLOCKS = YES;
				GCC_WARN_64_TO_32_BIT_CONVERSION = YES;
				GCC_WARN_ABOUT_RETURN_TYPE = YES_ERROR;
				GCC_WARN_UNDECLARED_SELECTOR = YES;
				GCC_WARN_UNINITIALIZED_AUTOS = YES_AGGRESSIVE;
				GCC_WARN_UNUSED_FUNCTION = YES;
				GCC_WARN_UNUSED_VARIABLE = YES;
				LOCALIZATION_PREFERS_STRING_CATALOGS = YES;
				MTL_ENABLE_DEBUG_INFO = NO;
				MTL_FAST_MATH = YES;
				SWIFT_COMPILATION_MODE = wholemodule;
			};
			name = Release;
		};
		B7E3E12A2BE401530081528A /* Debug */ = {
			isa = XCBuildConfiguration;
			buildSettings = {
				ASSETCATALOG_COMPILER_APPICON_NAME = AppIcon;
				ASSETCATALOG_COMPILER_GLOBAL_ACCENT_COLOR_NAME = AccentColor;
				CODE_SIGN_ENTITLEMENTS = MyAssumptionApp/MyAssumptionApp.entitlements;
				CODE_SIGN_STYLE = Automatic;
				CURRENT_PROJECT_VERSION = 1;
				DEVELOPMENT_ASSET_PATHS = "\"MyAssumptionApp/Preview Content\"";
				ENABLE_PREVIEWS = YES;
				GENERATE_INFOPLIST_FILE = YES;
				"INFOPLIST_KEY_UIApplicationSceneManifest_Generation[sdk=iphoneos*]" = YES;
				"INFOPLIST_KEY_UIApplicationSceneManifest_Generation[sdk=iphonesimulator*]" = YES;
				"INFOPLIST_KEY_UIApplicationSupportsIndirectInputEvents[sdk=iphoneos*]" = YES;
				"INFOPLIST_KEY_UIApplicationSupportsIndirectInputEvents[sdk=iphonesimulator*]" = YES;
				"INFOPLIST_KEY_UILaunchScreen_Generation[sdk=iphoneos*]" = YES;
				"INFOPLIST_KEY_UILaunchScreen_Generation[sdk=iphonesimulator*]" = YES;
				"INFOPLIST_KEY_UIStatusBarStyle[sdk=iphoneos*]" = UIStatusBarStyleDefault;
				"INFOPLIST_KEY_UIStatusBarStyle[sdk=iphonesimulator*]" = UIStatusBarStyleDefault;
				INFOPLIST_KEY_UISupportedInterfaceOrientations_iPad = "UIInterfaceOrientationPortrait UIInterfaceOrientationPortraitUpsideDown UIInterfaceOrientationLandscapeLeft UIInterfaceOrientationLandscapeRight";
				INFOPLIST_KEY_UISupportedInterfaceOrientations_iPhone = "UIInterfaceOrientationPortrait UIInterfaceOrientationLandscapeLeft UIInterfaceOrientationLandscapeRight";
				IPHONEOS_DEPLOYMENT_TARGET = 17.4;
				LD_RUNPATH_SEARCH_PATHS = "@executable_path/Frameworks";
				"LD_RUNPATH_SEARCH_PATHS[sdk=macosx*]" = "@executable_path/../Frameworks";
				MACOSX_DEPLOYMENT_TARGET = 14.4;
				MARKETING_VERSION = 1.0;
				PRODUCT_BUNDLE_IDENTIFIER = com.assumption.MyAssumptionApp;
				PRODUCT_NAME = "$(TARGET_NAME)";
				SDKROOT = auto;
				SUPPORTED_PLATFORMS = "iphoneos iphonesimulator macosx";
				SWIFT_EMIT_LOC_STRINGS = YES;
				SWIFT_VERSION = 5.0;
				TARGETED_DEVICE_FAMILY = "1,2";
			};
			name = Debug;
		};
		B7E3E12B2BE401530081528A /* Release */ = {
			isa = XCBuildConfiguration;
			buildSettings = {
				ASSETCATALOG_COMPILER_APPICON_NAME = AppIcon;
				ASSETCATALOG_COMPILER_GLOBAL_ACCENT_COLOR_NAME = AccentColor;
				CODE_SIGN_ENTITLEMENTS = MyAssumptionApp/MyAssumptionApp.entitlements;
				CODE_SIGN_STYLE = Automatic;
				CURRENT_PROJECT_VERSION = 1;
				DEVELOPMENT_ASSET_PATHS = "\"MyAssumptionApp/Preview Content\"";
				ENABLE_PREVIEWS = YES;
				GENERATE_INFOPLIST_FILE = YES;
				"INFOPLIST_KEY_UIApplicationSceneManifest_Generation[sdk=iphoneos*]" = YES;
				"INFOPLIST_KEY_UIApplicationSceneManifest_Generation[sdk=iphonesimulator*]" = YES;
				"INFOPLIST_KEY_UIApplicationSupportsIndirectInputEvents[sdk=iphoneos*]" = YES;
				"INFOPLIST_KEY_UIApplicationSupportsIndirectInputEvents[sdk=iphonesimulator*]" = YES;
				"INFOPLIST_KEY_UILaunchScreen_Generation[sdk=iphoneos*]" = YES;
				"INFOPLIST_KEY_UILaunchScreen_Generation[sdk=iphonesimulator*]" = YES;
				"INFOPLIST_KEY_UIStatusBarStyle[sdk=iphoneos*]" = UIStatusBarStyleDefault;
				"INFOPLIST_KEY_UIStatusBarStyle[sdk=iphonesimulator*]" = UIStatusBarStyleDefault;
				INFOPLIST_KEY_UISupportedInterfaceOrientations_iPad = "UIInterfaceOrientationPortrait UIInterfaceOrientationPortraitUpsideDown UIInterfaceOrientationLandscapeLeft UIInterfaceOrientationLandscapeRight";
				INFOPLIST_KEY_UISupportedInterfaceOrientations_iPhone = "UIInterfaceOrientationPortrait UIInterfaceOrientationLandscapeLeft UIInterfaceOrientationLandscapeRight";
				IPHONEOS_DEPLOYMENT_TARGET = 17.4;
				LD_RUNPATH_SEARCH_PATHS = "@executable_path/Frameworks";
				"LD_RUNPATH_SEARCH_PATHS[sdk=macosx*]" = "@executable_path/../Frameworks";
				MACOSX_DEPLOYMENT_TARGET = 14.4;
				MARKETING_VERSION = 1.0;
				PRODUCT_BUNDLE_IDENTIFIER = com.assumption.MyAssumptionApp;
				PRODUCT_NAME = "$(TARGET_NAME)";
				SDKROOT = auto;
				SUPPORTED_PLATFORMS = "iphoneos iphonesimulator macosx";
				SWIFT_EMIT_LOC_STRINGS = YES;
				SWIFT_VERSION = 5.0;
				TARGETED_DEVICE_FAMILY = "1,2";
			};
			name = Release;
		};
		B7E3E12D2BE401530081528A /* Debug */ = {
			isa = XCBuildConfiguration;
			buildSettings = {
				ALWAYS_EMBED_SWIFT_STANDARD_LIBRARIES = YES;
				BUNDLE_LOADER = "$(TEST_HOST)";
				CODE_SIGN_STYLE = Automatic;
				CURRENT_PROJECT_VERSION = 1;
				GENERATE_INFOPLIST_FILE = YES;
				IPHONEOS_DEPLOYMENT_TARGET = 17.4;
				MACOSX_DEPLOYMENT_TARGET = 14.4;
				MARKETING_VERSION = 1.0;
				PRODUCT_BUNDLE_IDENTIFIER = com.assumption.MyAssumptionAppTests;
				PRODUCT_NAME = "$(TARGET_NAME)";
				SDKROOT = auto;
				SUPPORTED_PLATFORMS = "iphoneos iphonesimulator macosx";
				SWIFT_EMIT_LOC_STRINGS = NO;
				SWIFT_VERSION = 5.0;
				TARGETED_DEVICE_FAMILY = "1,2";
				TEST_HOST = "$(BUILT_PRODUCTS_DIR)/MyAssumptionApp.app/$(BUNDLE_EXECUTABLE_FOLDER_PATH)/MyAssumptionApp";
			};
			name = Debug;
		};
		B7E3E12E2BE401530081528A /* Release */ = {
			isa = XCBuildConfiguration;
			buildSettings = {
				ALWAYS_EMBED_SWIFT_STANDARD_LIBRARIES = YES;
				BUNDLE_LOADER = "$(TEST_HOST)";
				CODE_SIGN_STYLE = Automatic;
				CURRENT_PROJECT_VERSION = 1;
				GENERATE_INFOPLIST_FILE = YES;
				IPHONEOS_DEPLOYMENT_TARGET = 17.4;
				MACOSX_DEPLOYMENT_TARGET = 14.4;
				MARKETING_VERSION = 1.0;
				PRODUCT_BUNDLE_IDENTIFIER = com.assumption.MyAssumptionAppTests;
				PRODUCT_NAME = "$(TARGET_NAME)";
				SDKROOT = auto;
				SUPPORTED_PLATFORMS = "iphoneos iphonesimulator macosx";
				SWIFT_EMIT_LOC_STRINGS = NO;
				SWIFT_VERSION = 5.0;
				TARGETED_DEVICE_FAMILY = "1,2";
				TEST_HOST = "$(BUILT_PRODUCTS_DIR)/MyAssumptionApp.app/$(BUNDLE_EXECUTABLE_FOLDER_PATH)/MyAssumptionApp";
			};
			name = Release;
		};
		B7E3E1302BE401530081528A /* Debug */ = {
			isa = XCBuildConfiguration;
			buildSettings = {
				ALWAYS_EMBED_SWIFT_STANDARD_LIBRARIES = YES;
				CODE_SIGN_STYLE = Automatic;
				CURRENT_PROJECT_VERSION = 1;
				GENERATE_INFOPLIST_FILE = YES;
				IPHONEOS_DEPLOYMENT_TARGET = 17.4;
				MACOSX_DEPLOYMENT_TARGET = 14.4;
				MARKETING_VERSION = 1.0;
				PRODUCT_BUNDLE_IDENTIFIER = com.assumption.MyAssumptionAppUITests;
				PRODUCT_NAME = "$(TARGET_NAME)";
				SDKROOT = auto;
				SUPPORTED_PLATFORMS = "iphoneos iphonesimulator macosx";
				SWIFT_EMIT_LOC_STRINGS = NO;
				SWIFT_VERSION = 5.0;
				TARGETED_DEVICE_FAMILY = "1,2";
				TEST_TARGET_NAME = MyAssumptionApp;
			};
			name = Debug;
		};
		B7E3E1312BE401530081528A /* Release */ = {
			isa = XCBuildConfiguration;
			buildSettings = {
				ALWAYS_EMBED_SWIFT_STANDARD_LIBRARIES = YES;
				CODE_SIGN_STYLE = Automatic;
				CURRENT_PROJECT_VERSION = 1;
				GENERATE_INFOPLIST_FILE = YES;
				IPHONEOS_DEPLOYMENT_TARGET = 17.4;
				MACOSX_DEPLOYMENT_TARGET = 14.4;
				MARKETING_VERSION = 1.0;
				PRODUCT_BUNDLE_IDENTIFIER = com.assumption.MyAssumptionAppUITests;
				PRODUCT_NAME = "$(TARGET_NAME)";
				SDKROOT = auto;
				SUPPORTED_PLATFORMS = "iphoneos iphonesimulator macosx";
				SWIFT_EMIT_LOC_STRINGS = NO;
				SWIFT_VERSION = 5.0;
				TARGETED_DEVICE_FAMILY = "1,2";
				TEST_TARGET_NAME = MyAssumptionApp;
			};
			name = Release;
		};
/* End XCBuildConfiguration section */

/* Begin XCConfigurationList section */
		B7E3E0FF2BE401510081528A /* Build configuration list for PBXProject "MyAssumptionApp" */ = {
			isa = XCConfigurationList;
			buildConfigurations = (
				B7E3E1272BE401530081528A /* Debug */,
				B7E3E1282BE401530081528A /* Release */,
			);
			defaultConfigurationIsVisible = 0;
			defaultConfigurationName = Release;
		};
		B7E3E1292BE401530081528A /* Build configuration list for PBXNativeTarget "MyAssumptionApp" */ = {
			isa = XCConfigurationList;
			buildConfigurations = (
				B7E3E12A2BE401530081528A /* Debug */,
				B7E3E12B2BE401530081528A /* Release */,
			);
			defaultConfigurationIsVisible = 0;
			defaultConfigurationName = Release;
		};
		B7E3E12C2BE401530081528A /* Build configuration list for PBXNativeTarget "MyAssumptionAppTests" */ = {
			isa = XCConfigurationList;
			buildConfigurations = (
				B7E3E12D2BE401530081528A /* Debug */,
				B7E3E12E2BE401530081528A /* Release */,
			);
			defaultConfigurationIsVisible = 0;
			defaultConfigurationName = Release;
		};
		B7E3E12F2BE401530081528A /* Build configuration list for PBXNativeTarget "MyAssumptionAppUITests" */ = {
			isa = XCConfigurationList;
			buildConfigurations = (
				B7E3E1302BE401530081528A /* Debug */,
				B7E3E1312BE401530081528A /* Release */,
			);
			defaultConfigurationIsVisible = 0;
			defaultConfigurationName = Release;
		};
/* End XCConfigurationList section */
	};
	rootObject = B7E3E0FC2BE401510081528A /* Project object */;
}
